
Microsoft Visual Studio Solution File, Format Version 12.00
# Visual Studio Version 17
VisualStudioVersion = 17.13.35828.75
MinimumVisualStudioVersion = 10.0.40219.1
Project("{9A19103F-16F7-4668-BE54-9A1E7A4F7556}") = "IoT.Core.Gateway", "IoT.Core.Gateway\IoT.Core.Gateway.csproj", "{16B2D669-F383-4FA7-A183-FB35C784C6ED}"
EndProject
Project("{9A19103F-16F7-4668-BE54-9A1E7A4F7556}") = "IoT.Core.DeviceService", "IoT.Core.DeviceService\IoT.Core.DeviceService.csproj", "{98B4F16A-CDBD-354F-4E74-52B0F062B735}"
EndProject
Project("{9A19103F-16F7-4668-BE54-9A1E7A4F7556}") = "IoT.Core.ClientService", "IoT.Core.ClientService\IoT.Core.ClientService.csproj", "{7FD67E17-FB47-465A-81C8-9F851A4EEBB2}"
EndProject
Project("{9A19103F-16F7-4668-BE54-9A1E7A4F7556}") = "IoT.Core.CommonInfrastructure", "IoT.Core.CommonInfrastructure\IoT.Core.CommonInfrastructure.csproj", "{2CD02A35-87EC-4992-8355-A7BD0D1EED18}"
EndProject
Project("{9A19103F-16F7-4668-BE54-9A1E7A4F7556}") = "IoT.Core.DataService", "IoT.Core.DataService\IoT.Core.DataService.csproj", "{176DF88B-5AB8-42E4-B4EA-2BEE1A305123}"
EndProject
Project("{9A19103F-16F7-4668-BE54-9A1E7A4F7556}") = "IoT.Core.MockGroundService", "IoT.Core.MockGroundService\IoT.Core.MockGroundService.csproj", "{20D6E48F-323D-4E31-A249-24AF9AA697DA}"
EndProject
Project("{9A19103F-16F7-4668-BE54-9A1E7A4F7556}") = "IoT.Core.AuthService", "IoT.Core.AuthService\IoT.Core.AuthService.csproj", "{0D9E101F-D740-4F0D-AA77-797D24369B36}"
EndProject
Project("{2150E333-8FDC-42A3-9474-1A3956D46DE8}") = "StartupConf", "StartupConf", "{02EA681E-C7D8-13C7-8484-4AC65E1B71E8}"
	ProjectSection(SolutionItems) = preProject
		setup_items.txt = setup_items.txt
	EndProjectSection
EndProject
Project("{54A90642-561A-4BB1-A94E-469ADEE60C69}") = "clientapp", "clientapp\clientapp.esproj", "{24581855-81DC-CBC5-2066-6239B39AC343}"
EndProject
Global
	GlobalSection(SolutionConfigurationPlatforms) = preSolution
		Debug|Any CPU = Debug|Any CPU
		Release|Any CPU = Release|Any CPU
	EndGlobalSection
	GlobalSection(ProjectConfigurationPlatforms) = postSolution
		{16B2D669-F383-4FA7-A183-FB35C784C6ED}.Debug|Any CPU.ActiveCfg = Debug|Any CPU
		{16B2D669-F383-4FA7-A183-FB35C784C6ED}.Debug|Any CPU.Build.0 = Debug|Any CPU
		{16B2D669-F383-4FA7-A183-FB35C784C6ED}.Release|Any CPU.ActiveCfg = Release|Any CPU
		{16B2D669-F383-4FA7-A183-FB35C784C6ED}.Release|Any CPU.Build.0 = Release|Any CPU
		{98B4F16A-CDBD-354F-4E74-52B0F062B735}.Debug|Any CPU.ActiveCfg = Debug|Any CPU
		{98B4F16A-CDBD-354F-4E74-52B0F062B735}.Debug|Any CPU.Build.0 = Debug|Any CPU
		{98B4F16A-CDBD-354F-4E74-52B0F062B735}.Release|Any CPU.ActiveCfg = Release|Any CPU
		{98B4F16A-CDBD-354F-4E74-52B0F062B735}.Release|Any CPU.Build.0 = Release|Any CPU
		{7FD67E17-FB47-465A-81C8-9F851A4EEBB2}.Debug|Any CPU.ActiveCfg = Debug|Any CPU
		{7FD67E17-FB47-465A-81C8-9F851A4EEBB2}.Debug|Any CPU.Build.0 = Debug|Any CPU
		{7FD67E17-FB47-465A-81C8-9F851A4EEBB2}.Release|Any CPU.ActiveCfg = Release|Any CPU
		{7FD67E17-FB47-465A-81C8-9F851A4EEBB2}.Release|Any CPU.Build.0 = Release|Any CPU
		{2CD02A35-87EC-4992-8355-A7BD0D1EED18}.Debug|Any CPU.ActiveCfg = Debug|Any CPU
		{2CD02A35-87EC-4992-8355-A7BD0D1EED18}.Debug|Any CPU.Build.0 = Debug|Any CPU
		{2CD02A35-87EC-4992-8355-A7BD0D1EED18}.Release|Any CPU.ActiveCfg = Release|Any CPU
		{2CD02A35-87EC-4992-8355-A7BD0D1EED18}.Release|Any CPU.Build.0 = Release|Any CPU
		{176DF88B-5AB8-42E4-B4EA-2BEE1A305123}.Debug|Any CPU.ActiveCfg = Debug|Any CPU
		{176DF88B-5AB8-42E4-B4EA-2BEE1A305123}.Debug|Any CPU.Build.0 = Debug|Any CPU
		{176DF88B-5AB8-42E4-B4EA-2BEE1A305123}.Release|Any CPU.ActiveCfg = Release|Any CPU
		{176DF88B-5AB8-42E4-B4EA-2BEE1A305123}.Release|Any CPU.Build.0 = Release|Any CPU
		{20D6E48F-323D-4E31-A249-24AF9AA697DA}.Debug|Any CPU.ActiveCfg = Debug|Any CPU
		{20D6E48F-323D-4E31-A249-24AF9AA697DA}.Debug|Any CPU.Build.0 = Debug|Any CPU
		{20D6E48F-323D-4E31-A249-24AF9AA697DA}.Release|Any CPU.ActiveCfg = Release|Any CPU
		{20D6E48F-323D-4E31-A249-24AF9AA697DA}.Release|Any CPU.Build.0 = Release|Any CPU
		{0D9E101F-D740-4F0D-AA77-797D24369B36}.Debug|Any CPU.ActiveCfg = Debug|Any CPU
		{0D9E101F-D740-4F0D-AA77-797D24369B36}.Debug|Any CPU.Build.0 = Debug|Any CPU
		{0D9E101F-D740-4F0D-AA77-797D24369B36}.Release|Any CPU.ActiveCfg = Release|Any CPU
		{0D9E101F-D740-4F0D-AA77-797D24369B36}.Release|Any CPU.Build.0 = Release|Any CPU
		{24581855-81DC-CBC5-2066-6239B39AC343}.Debug|Any CPU.ActiveCfg = Debug|Any CPU
		{24581855-81DC-CBC5-2066-6239B39AC343}.Debug|Any CPU.Build.0 = Debug|Any CPU
		{24581855-81DC-CBC5-2066-6239B39AC343}.Debug|Any CPU.Deploy.0 = Debug|Any CPU
		{24581855-81DC-CBC5-2066-6239B39AC343}.Release|Any CPU.ActiveCfg = Release|Any CPU
		{24581855-81DC-CBC5-2066-6239B39AC343}.Release|Any CPU.Build.0 = Release|Any CPU
		{24581855-81DC-CBC5-2066-6239B39AC343}.Release|Any CPU.Deploy.0 = Release|Any CPU
	EndGlobalSection
	GlobalSection(SolutionProperties) = preSolution
		HideSolutionNode = FALSE
	EndGlobalSection
	GlobalSection(ExtensibilityGlobals) = postSolution
		SolutionGuid = {79938043-DD03-4193-8E02-0F2ABD72FB57}
	EndGlobalSection
EndGlobal
